// !$*UTF8*$!
{
	archiveVersion = 1;
	classes = {
	};
	objectVersion = 55;
	objects = {

/* Begin PBXBuildFile section */
		DB0EAFA328AC088800ED4B70 /* AppDelegate.swift in Sources */ = {isa = PBXBuildFile; fileRef = DB0EAFA228AC088800ED4B70 /* AppDelegate.swift */; };
		DB0EAFA528AC088800ED4B70 /* SceneDelegate.swift in Sources */ = {isa = PBXBuildFile; fileRef = DB0EAFA428AC088800ED4B70 /* SceneDelegate.swift */; };
		DB0EAFA728AC088800ED4B70 /* ViewController.swift in Sources */ = {isa = PBXBuildFile; fileRef = DB0EAFA628AC088800ED4B70 /* ViewController.swift */; };
		DB0EAFAA28AC088800ED4B70 /* Main.storyboard in Resources */ = {isa = PBXBuildFile; fileRef = DB0EAFA828AC088800ED4B70 /* Main.storyboard */; };
		DB0EAFAC28AC089200ED4B70 /* Assets.xcassets in Resources */ = {isa = PBXBuildFile; fileRef = DB0EAFAB28AC089200ED4B70 /* Assets.xcassets */; };
		DB0EAFAF28AC089200ED4B70 /* LaunchScreen.storyboard in Resources */ = {isa = PBXBuildFile; fileRef = DB0EAFAD28AC089200ED4B70 /* LaunchScreen.storyboard */; };
		DB0EAFBA28AC089300ED4B70 /* git_hub_setupTests.swift in Sources */ = {isa = PBXBuildFile; fileRef = DB0EAFB928AC089300ED4B70 /* git_hub_setupTests.swift */; };
		DB0EAFC428AC089300ED4B70 /* git_hub_setupUITests.swift in Sources */ = {isa = PBXBuildFile; fileRef = DB0EAFC328AC089300ED4B70 /* git_hub_setupUITests.swift */; };
		DB0EAFC628AC089300ED4B70 /* git_hub_setupUITestsLaunchTests.swift in Sources */ = {isa = PBXBuildFile; fileRef = DB0EAFC528AC089300ED4B70 /* git_hub_setupUITestsLaunchTests.swift */; };
/* End PBXBuildFile section */

/* Begin PBXContainerItemProxy section */
		DB0EAFB628AC089300ED4B70 /* PBXContainerItemProxy */ = {
			isa = PBXContainerItemProxy;
			containerPortal = DB0EAF9728AC088800ED4B70 /* Project object */;
			proxyType = 1;
			remoteGlobalIDString = DB0EAF9E28AC088800ED4B70;
			remoteInfo = "git hub setup";
		};
		DB0EAFC028AC089300ED4B70 /* PBXContainerItemProxy */ = {
			isa = PBXContainerItemProxy;
			containerPortal = DB0EAF9728AC088800ED4B70 /* Project object */;
			proxyType = 1;
			remoteGlobalIDString = DB0EAF9E28AC088800ED4B70;
			remoteInfo = "git hub setup";
		};
/* End PBXContainerItemProxy section */

/* Begin PBXFileReference section */
		DB0EAF9F28AC088800ED4B70 /* git hub setup.app */ = {isa = PBXFileReference; explicitFileType = wrapper.application; includeInIndex = 0; path = "git hub setup.app"; sourceTree = BUILT_PRODUCTS_DIR; };
		DB0EAFA228AC088800ED4B70 /* AppDelegate.swift */ = {isa = PBXFileReference; lastKnownFileType = sourcecode.swift; path = AppDelegate.swift; sourceTree = "<group>"; };
		DB0EAFA428AC088800ED4B70 /* SceneDelegate.swift */ = {isa = PBXFileReference; lastKnownFileType = sourcecode.swift; path = SceneDelegate.swift; sourceTree = "<group>"; };
		DB0EAFA628AC088800ED4B70 /* ViewController.swift */ = {isa = PBXFileReference; lastKnownFileType = sourcecode.swift; path = ViewController.swift; sourceTree = "<group>"; };
		DB0EAFA928AC088800ED4B70 /* Base */ = {isa = PBXFileReference; lastKnownFileType = file.storyboard; name = Base; path = Base.lproj/Main.storyboard; sourceTree = "<group>"; };
		DB0EAFAB28AC089200ED4B70 /* Assets.xcassets */ = {isa = PBXFileReference; lastKnownFileType = folder.assetcatalog; path = Assets.xcassets; sourceTree = "<group>"; };
		DB0EAFAE28AC089200ED4B70 /* Base */ = {isa = PBXFileReference; lastKnownFileType = file.storyboard; name = Base; path = Base.lproj/LaunchScreen.storyboard; sourceTree = "<group>"; };
		DB0EAFB028AC089200ED4B70 /* Info.plist */ = {isa = PBXFileReference; lastKnownFileType = text.plist.xml; path = Info.plist; sourceTree = "<group>"; };
		DB0EAFB528AC089300ED4B70 /* git hub setupTests.xctest */ = {isa = PBXFileReference; explicitFileType = wrapper.cfbundle; includeInIndex = 0; path = "git hub setupTests.xctest"; sourceTree = BUILT_PRODUCTS_DIR; };
		DB0EAFB928AC089300ED4B70 /* git_hub_setupTests.swift */ = {isa = PBXFileReference; lastKnownFileType = sourcecode.swift; path = git_hub_setupTests.swift; sourceTree = "<group>"; };
		DB0EAFBF28AC089300ED4B70 /* git hub setupUITests.xctest */ = {isa = PBXFileReference; explicitFileType = wrapper.cfbundle; includeInIndex = 0; path = "git hub setupUITests.xctest"; sourceTree = BUILT_PRODUCTS_DIR; };
		DB0EAFC328AC089300ED4B70 /* git_hub_setupUITests.swift */ = {isa = PBXFileReference; lastKnownFileType = sourcecode.swift; path = git_hub_setupUITests.swift; sourceTree = "<group>"; };
		DB0EAFC528AC089300ED4B70 /* git_hub_setupUITestsLaunchTests.swift */ = {isa = PBXFileReference; lastKnownFileType = sourcecode.swift; path = git_hub_setupUITestsLaunchTests.swift; sourceTree = "<group>"; };
/* End PBXFileReference section */

/* Begin PBXFrameworksBuildPhase section */
		DB0EAF9C28AC088800ED4B70 /* Frameworks */ = {
			isa = PBXFrameworksBuildPhase;
			buildActionMask = 2147483647;
			files = (
			);
			runOnlyForDeploymentPostprocessing = 0;
		};
		DB0EAFB228AC089300ED4B70 /* Frameworks */ = {
			isa = PBXFrameworksBuildPhase;
			buildActionMask = 2147483647;
			files = (
			);
			runOnlyForDeploymentPostprocessing = 0;
		};
		DB0EAFBC28AC089300ED4B70 /* Frameworks */ = {
			isa = PBXFrameworksBuildPhase;
			buildActionMask = 2147483647;
			files = (
			);
			runOnlyForDeploymentPostprocessing = 0;
		};
/* End PBXFrameworksBuildPhase section */

/* Begin PBXGroup section */
		DB0EAF9628AC088800ED4B70 = {
			isa = PBXGroup;
			children = (
				DB0EAFA128AC088800ED4B70 /* git hub setup */,
				DB0EAFB828AC089300ED4B70 /* git hub setupTests */,
				DB0EAFC228AC089300ED4B70 /* git hub setupUITests */,
				DB0EAFA028AC088800ED4B70 /* Products */,
			);
			sourceTree = "<group>";
		};
		DB0EAFA028AC088800ED4B70 /* Products */ = {
			isa = PBXGroup;
			children = (
				DB0EAF9F28AC088800ED4B70 /* git hub setup.app */,
				DB0EAFB528AC089300ED4B70 /* git hub setupTests.xctest */,
				DB0EAFBF28AC089300ED4B70 /* git hub setupUITests.xctest */,
			);
			name = Products;
			sourceTree = "<group>";
		};
		DB0EAFA128AC088800ED4B70 /* git hub setup */ = {
			isa = PBXGroup;
			children = (
				DB0EAFA228AC088800ED4B70 /* AppDelegate.swift */,
				DB0EAFA428AC088800ED4B70 /* SceneDelegate.swift */,
				DB0EAFA628AC088800ED4B70 /* ViewController.swift */,
				DB0EAFA828AC088800ED4B70 /* Main.storyboard */,
				DB0EAFAB28AC089200ED4B70 /* Assets.xcassets */,
				DB0EAFAD28AC089200ED4B70 /* LaunchScreen.storyboard */,
				DB0EAFB028AC089200ED4B70 /* Info.plist */,
			);
			path = "git hub setup";
			sourceTree = "<group>";
		};
		DB0EAFB828AC089300ED4B70 /* git hub setupTests */ = {
			isa = PBXGroup;
			children = (
				DB0EAFB928AC089300ED4B70 /* git_hub_setupTests.swift */,
			);
			path = "git hub setupTests";
			sourceTree = "<group>";
		};
		DB0EAFC228AC089300ED4B70 /* git hub setupUITests */ = {
			isa = PBXGroup;
			children = (
				DB0EAFC328AC089300ED4B70 /* git_hub_setupUITests.swift */,
				DB0EAFC528AC089300ED4B70 /* git_hub_setupUITestsLaunchTests.swift */,
			);
			path = "git hub setupUITests";
			sourceTree = "<group>";
		};
/* End PBXGroup section */

/* Begin PBXNativeTarget section */
		DB0EAF9E28AC088800ED4B70 /* git hub setup */ = {
			isa = PBXNativeTarget;
			buildConfigurationList = DB0EAFC928AC089300ED4B70 /* Build configuration list for PBXNativeTarget "git hub setup" */;
			buildPhases = (
				DB0EAF9B28AC088800ED4B70 /* Sources */,
				DB0EAF9C28AC088800ED4B70 /* Frameworks */,
				DB0EAF9D28AC088800ED4B70 /* Resources */,
			);
			buildRules = (
			);
			dependencies = (
			);
			name = "git hub setup";
			productName = "git hub setup";
			productReference = DB0EAF9F28AC088800ED4B70 /* git hub setup.app */;
			productType = "com.apple.product-type.application";
		};
		DB0EAFB428AC089300ED4B70 /* git hub setupTests */ = {
			isa = PBXNativeTarget;
			buildConfigurationList = DB0EAFCC28AC089300ED4B70 /* Build configuration list for PBXNativeTarget "git hub setupTests" */;
			buildPhases = (
				DB0EAFB128AC089300ED4B70 /* Sources */,
				DB0EAFB228AC089300ED4B70 /* Frameworks */,
				DB0EAFB328AC089300ED4B70 /* Resources */,
			);
			buildRules = (
			);
			dependencies = (
				DB0EAFB728AC089300ED4B70 /* PBXTargetDependency */,
			);
			name = "git hub setupTests";
			productName = "git hub setupTests";
			productReference = DB0EAFB528AC089300ED4B70 /* git hub setupTests.xctest */;
			productType = "com.apple.product-type.bundle.unit-test";
		};
		DB0EAFBE28AC089300ED4B70 /* git hub setupUITests */ = {
			isa = PBXNativeTarget;
			buildConfigurationList = DB0EAFCF28AC089300ED4B70 /* Build configuration list for PBXNativeTarget "git hub setupUITests" */;
			buildPhases = (
				DB0EAFBB28AC089300ED4B70 /* Sources */,
				DB0EAFBC28AC089300ED4B70 /* Frameworks */,
				DB0EAFBD28AC089300ED4B70 /* Resources */,
			);
			buildRules = (
			);
			dependencies = (
				DB0EAFC128AC089300ED4B70 /* PBXTargetDependency */,
			);
			name = "git hub setupUITests";
			productName = "git hub setupUITests";
			productReference = DB0EAFBF28AC089300ED4B70 /* git hub setupUITests.xctest */;
			productType = "com.apple.product-type.bundle.ui-testing";
		};
/* End PBXNativeTarget section */

/* Begin PBXProject section */
		DB0EAF9728AC088800ED4B70 /* Project object */ = {
			isa = PBXProject;
			attributes = {
				BuildIndependentTargetsInParallel = 1;
				LastSwiftUpdateCheck = 1320;
				LastUpgradeCheck = 1320;
				TargetAttributes = {
					DB0EAF9E28AC088800ED4B70 = {
						CreatedOnToolsVersion = 13.2;
					};
					DB0EAFB428AC089300ED4B70 = {
						CreatedOnToolsVersion = 13.2;
						TestTargetID = DB0EAF9E28AC088800ED4B70;
					};
					DB0EAFBE28AC089300ED4B70 = {
						CreatedOnToolsVersion = 13.2;
						TestTargetID = DB0EAF9E28AC088800ED4B70;
					};
				};
			};
			buildConfigurationList = DB0EAF9A28AC088800ED4B70 /* Build configuration list for PBXProject "git hub setup" */;
			compatibilityVersion = "Xcode 13.0";
			developmentRegion = en;
			hasScannedForEncodings = 0;
			knownRegions = (
				en,
				Base,
			);
			mainGroup = DB0EAF9628AC088800ED4B70;
			productRefGroup = DB0EAFA028AC088800ED4B70 /* Products */;
			projectDirPath = "";
			projectRoot = "";
			targets = (
				DB0EAF9E28AC088800ED4B70 /* git hub setup */,
				DB0EAFB428AC089300ED4B70 /* git hub setupTests */,
				DB0EAFBE28AC089300ED4B70 /* git hub setupUITests */,
			);
		};
/* End PBXProject section */

/* Begin PBXResourcesBuildPhase section */
		DB0EAF9D28AC088800ED4B70 /* Resources */ = {
			isa = PBXResourcesBuildPhase;
			buildActionMask = 2147483647;
			files = (
				DB0EAFAF28AC089200ED4B70 /* LaunchScreen.storyboard in Resources */,
				DB0EAFAC28AC089200ED4B70 /* Assets.xcassets in Resources */,
				DB0EAFAA28AC088800ED4B70 /* Main.storyboard in Resources */,
			);
			runOnlyForDeploymentPostprocessing = 0;
		};
		DB0EAFB328AC089300ED4B70 /* Resources */ = {
			isa = PBXResourcesBuildPhase;
			buildActionMask = 2147483647;
			files = (
			);
			runOnlyForDeploymentPostprocessing = 0;
		};
		DB0EAFBD28AC089300ED4B70 /* Resources */ = {
			isa = PBXResourcesBuildPhase;
			buildActionMask = 2147483647;
			files = (
			);
			runOnlyForDeploymentPostprocessing = 0;
		};
/* End PBXResourcesBuildPhase section */

/* Begin PBXSourcesBuildPhase section */
		DB0EAF9B28AC088800ED4B70 /* Sources */ = {
			isa = PBXSourcesBuildPhase;
			buildActionMask = 2147483647;
			files = (
				DB0EAFA728AC088800ED4B70 /* ViewController.swift in Sources */,
				DB0EAFA328AC088800ED4B70 /* AppDelegate.swift in Sources */,
				DB0EAFA528AC088800ED4B70 /* SceneDelegate.swift in Sources */,
			);
			runOnlyForDeploymentPostprocessing = 0;
		};
		DB0EAFB128AC089300ED4B70 /* Sources */ = {
			isa = PBXSourcesBuildPhase;
			buildActionMask = 2147483647;
			files = (
				DB0EAFBA28AC089300ED4B70 /* git_hub_setupTests.swift in Sources */,
			);
			runOnlyForDeploymentPostprocessing = 0;
		};
		DB0EAFBB28AC089300ED4B70 /* Sources */ = {
			isa = PBXSourcesBuildPhase;
			buildActionMask = 2147483647;
			files = (
				DB0EAFC428AC089300ED4B70 /* git_hub_setupUITests.swift in Sources */,
				DB0EAFC628AC089300ED4B70 /* git_hub_setupUITestsLaunchTests.swift in Sources */,
			);
			runOnlyForDeploymentPostprocessing = 0;
		};
/* End PBXSourcesBuildPhase section */

/* Begin PBXTargetDependency section */
		DB0EAFB728AC089300ED4B70 /* PBXTargetDependency */ = {
			isa = PBXTargetDependency;
			target = DB0EAF9E28AC088800ED4B70 /* git hub setup */;
			targetProxy = DB0EAFB628AC089300ED4B70 /* PBXContainerItemProxy */;
		};
		DB0EAFC128AC089300ED4B70 /* PBXTargetDependency */ = {
			isa = PBXTargetDependency;
			target = DB0EAF9E28AC088800ED4B70 /* git hub setup */;
			targetProxy = DB0EAFC028AC089300ED4B70 /* PBXContainerItemProxy */;
		};
/* End PBXTargetDependency section */

/* Begin PBXVariantGroup section */
		DB0EAFA828AC088800ED4B70 /* Main.storyboard */ = {
			isa = PBXVariantGroup;
			children = (
				DB0EAFA928AC088800ED4B70 /* Base */,
			);
			name = Main.storyboard;
			sourceTree = "<group>";
		};
		DB0EAFAD28AC089200ED4B70 /* LaunchScreen.storyboard */ = {
			isa = PBXVariantGroup;
			children = (
				DB0EAFAE28AC089200ED4B70 /* Base */,
			);
			name = LaunchScreen.storyboard;
			sourceTree = "<group>";
		};
/* End PBXVariantGroup section */

/* Begin XCBuildConfiguration section */
		DB0EAFC728AC089300ED4B70 /* Debug */ = {
			isa = XCBuildConfiguration;
			buildSettings = {
				ALWAYS_SEARCH_USER_PATHS = NO;
				CLANG_ANALYZER_NONNULL = YES;
				CLANG_ANALYZER_NUMBER_OBJECT_CONVERSION = YES_AGGRESSIVE;
				CLANG_CXX_LANGUAGE_STANDARD = "gnu++17";
				CLANG_CXX_LIBRARY = "libc++";
				CLANG_ENABLE_MODULES = YES;
				CLANG_ENABLE_OBJC_ARC = YES;
				CLANG_ENABLE_OBJC_WEAK = YES;
				CLANG_WARN_BLOCK_CAPTURE_AUTORELEASING = YES;
				CLANG_WARN_BOOL_CONVERSION = YES;
				CLANG_WARN_COMMA = YES;
				CLANG_WARN_CONSTANT_CONVERSION = YES;
				CLANG_WARN_DEPRECATED_OBJC_IMPLEMENTATIONS = YES;
				CLANG_WARN_DIRECT_OBJC_ISA_USAGE = YES_ERROR;
				CLANG_WARN_DOCUMENTATION_COMMENTS = YES;
				CLANG_WARN_EMPTY_BODY = YES;
				CLANG_WARN_ENUM_CONVERSION = YES;
				CLANG_WARN_INFINITE_RECURSION = YES;
				CLANG_WARN_INT_CONVERSION = YES;
				CLANG_WARN_NON_LITERAL_NULL_CONVERSION = YES;
				CLANG_WARN_OBJC_IMPLICIT_RETAIN_SELF = YES;
				CLANG_WARN_OBJC_LITERAL_CONVERSION = YES;
				CLANG_WARN_OBJC_ROOT_CLASS = YES_ERROR;
				CLANG_WARN_QUOTED_INCLUDE_IN_FRAMEWORK_HEADER = YES;
				CLANG_WARN_RANGE_LOOP_ANALYSIS = YES;
				CLANG_WARN_STRICT_PROTOTYPES = YES;
				CLANG_WARN_SUSPICIOUS_MOVE = YES;
				CLANG_WARN_UNGUARDED_AVAILABILITY = YES_AGGRESSIVE;
				CLANG_WARN_UNREACHABLE_CODE = YES;
				CLANG_WARN__DUPLICATE_METHOD_MATCH = YES;
				COPY_PHASE_STRIP = NO;
				DEBUG_INFORMATION_FORMAT = dwarf;
				ENABLE_STRICT_OBJC_MSGSEND = YES;
				ENABLE_TESTABILITY = YES;
				GCC_C_LANGUAGE_STANDARD = gnu11;
				GCC_DYNAMIC_NO_PIC = NO;
				GCC_NO_COMMON_BLOCKS = YES;
				GCC_OPTIMIZATION_LEVEL = 0;
				GCC_PREPROCESSOR_DEFINITIONS = (
					"DEBUG=1",
					"$(inherited)",
				);
				GCC_WARN_64_TO_32_BIT_CONVERSION = YES;
				GCC_WARN_ABOUT_RETURN_TYPE = YES_ERROR;
				GCC_WARN_UNDECLARED_SELECTOR = YES;
				GCC_WARN_UNINITIALIZED_AUTOS = YES_AGGRESSIVE;
				GCC_WARN_UNUSED_FUNCTION = YES;
				GCC_WARN_UNUSED_VARIABLE = YES;
				IPHONEOS_DEPLOYMENT_TARGET = 15.2;
				MTL_ENABLE_DEBUG_INFO = INCLUDE_SOURCE;
				MTL_FAST_MATH = YES;
				ONLY_ACTIVE_ARCH = YES;
				SDKROOT = iphoneos;
				SWIFT_ACTIVE_COMPILATION_CONDITIONS = DEBUG;
				SWIFT_OPTIMIZATION_LEVEL = "-Onone";
			};
			name = Debug;
		};
		DB0EAFC828AC089300ED4B70 /* Release */ = {
			isa = XCBuildConfiguration;
			buildSettings = {
				ALWAYS_SEARCH_USER_PATHS = NO;
				CLANG_ANALYZER_NONNULL = YES;
				CLANG_ANALYZER_NUMBER_OBJECT_CONVERSION = YES_AGGRESSIVE;
				CLANG_CXX_LANGUAGE_STANDARD = "gnu++17";
				CLANG_CXX_LIBRARY = "libc++";
				CLANG_ENABLE_MODULES = YES;
				CLANG_ENABLE_OBJC_ARC = YES;
				CLANG_ENABLE_OBJC_WEAK = YES;
				CLANG_WARN_BLOCK_CAPTURE_AUTORELEASING = YES;
				CLANG_WARN_BOOL_CONVERSION = YES;
				CLANG_WARN_COMMA = YES;
				CLANG_WARN_CONSTANT_CONVERSION = YES;
				CLANG_WARN_DEPRECATED_OBJC_IMPLEMENTATIONS = YES;
				CLANG_WARN_DIRECT_OBJC_ISA_USAGE = YES_ERROR;
				CLANG_WARN_DOCUMENTATION_COMMENTS = YES;
				CLANG_WARN_EMPTY_BODY = YES;
				CLANG_WARN_ENUM_CONVERSION = YES;
				CLANG_WARN_INFINITE_RECURSION = YES;
				CLANG_WARN_INT_CONVERSION = YES;
				CLANG_WARN_NON_LITERAL_NULL_CONVERSION = YES;
				CLANG_WARN_OBJC_IMPLICIT_RETAIN_SELF = YES;
				CLANG_WARN_OBJC_LITERAL_CONVERSION = YES;
				CLANG_WARN_OBJC_ROOT_CLASS = YES_ERROR;
				CLANG_WARN_QUOTED_INCLUDE_IN_FRAMEWORK_HEADER = YES;
				CLANG_WARN_RANGE_LOOP_ANALYSIS = YES;
				CLANG_WARN_STRICT_PROTOTYPES = YES;
				CLANG_WARN_SUSPICIOUS_MOVE = YES;
				CLANG_WARN_UNGUARDED_AVAILABILITY = YES_AGGRESSIVE;
				CLANG_WARN_UNREACHABLE_CODE = YES;
				CLANG_WARN__DUPLICATE_METHOD_MATCH = YES;
				COPY_PHASE_STRIP = NO;
				DEBUG_INFORMATION_FORMAT = "dwarf-with-dsym";
				ENABLE_NS_ASSERTIONS = NO;
				ENABLE_STRICT_OBJC_MSGSEND = YES;
				GCC_C_LANGUAGE_STANDARD = gnu11;
				GCC_NO_COMMON_BLOCKS = YES;
				GCC_WARN_64_TO_32_BIT_CONVERSION = YES;
				GCC_WARN_ABOUT_RETURN_TYPE = YES_ERROR;
				GCC_WARN_UNDECLARED_SELECTOR = YES;
				GCC_WARN_UNINITIALIZED_AUTOS = YES_AGGRESSIVE;
				GCC_WARN_UNUSED_FUNCTION = YES;
				GCC_WARN_UNUSED_VARIABLE = YES;
				IPHONEOS_DEPLOYMENT_TARGET = 15.2;
				MTL_ENABLE_DEBUG_INFO = NO;
				MTL_FAST_MATH = YES;
				SDKROOT = iphoneos;
				SWIFT_COMPILATION_MODE = wholemodule;
				SWIFT_OPTIMIZATION_LEVEL = "-O";
				VALIDATE_PRODUCT = YES;
			};
			name = Release;
		};
		DB0EAFCA28AC089300ED4B70 /* Debug */ = {
			isa = XCBuildConfiguration;
			buildSettings = {
				ASSETCATALOG_COMPILER_APPICON_NAME = AppIcon;
				ASSETCATALOG_COMPILER_GLOBAL_ACCENT_COLOR_NAME = AccentColor;
				CODE_SIGN_STYLE = Automatic;
				CURRENT_PROJECT_VERSION = 1;
				DEVELOPMENT_TEAM = BX2ZYRRB69;
				GENERATE_INFOPLIST_FILE = YES;
				INFOPLIST_FILE = "git hub setup/Info.plist";
				INFOPLIST_KEY_UIApplicationSupportsIndirectInputEvents = YES;
				INFOPLIST_KEY_UILaunchStoryboardName = LaunchScreen;
				INFOPLIST_KEY_UIMainStoryboardFile = Main;
				INFOPLIST_KEY_UISupportedInterfaceOrientations_iPad = "UIInterfaceOrientationPortrait UIInterfaceOrientationPortraitUpsideDown UIInterfaceOrientationLandscapeLeft UIInterfaceOrientationLandscapeRight";
				INFOPLIST_KEY_UISupportedInterfaceOrientations_iPhone = "UIInterfaceOrientationPortrait UIInterfaceOrientationLandscapeLeft UIInterfaceOrientationLandscapeRight";
				LD_RUNPATH_SEARCH_PATHS = (
					"$(inherited)",
					"@executable_path/Frameworks",
				);
				MARKETING_VERSION = 1.0;
				PRODUCT_BUNDLE_IDENTIFIER = "KWK.git-hub-setup";
				PRODUCT_NAME = "$(TARGET_NAME)";
				SWIFT_EMIT_LOC_STRINGS = YES;
				SWIFT_VERSION = 5.0;
				TARGETED_DEVICE_FAMILY = "1,2";
			};
			name = Debug;
		};
		DB0EAFCB28AC089300ED4B70 /* Release */ = {
			isa = XCBuildConfiguration;
			buildSettings = {
				ASSETCATALOG_COMPILER_APPICON_NAME = AppIcon;
				ASSETCATALOG_COMPILER_GLOBAL_ACCENT_COLOR_NAME = AccentColor;
				CODE_SIGN_STYLE = Automatic;
				CURRENT_PROJECT_VERSION = 1;
				DEVELOPMENT_TEAM = BX2ZYRRB69;
				GENERATE_INFOPLIST_FILE = YES;
				INFOPLIST_FILE = "git hub setup/Info.plist";
				INFOPLIST_KEY_UIApplicationSupportsIndirectInputEvents = YES;
				INFOPLIST_KEY_UILaunchStoryboardName = LaunchScreen;
				INFOPLIST_KEY_UIMainStoryboardFile = Main;
				INFOPLIST_KEY_UISupportedInterfaceOrientations_iPad = "UIInterfaceOrientationPortrait UIInterfaceOrientationPortraitUpsideDown UIInterfaceOrientationLandscapeLeft UIInterfaceOrientationLandscapeRight";
				INFOPLIST_KEY_UISupportedInterfaceOrientations_iPhone = "UIInterfaceOrientationPortrait UIInterfaceOrientationLandscapeLeft UIInterfaceOrientationLandscapeRight";
				LD_RUNPATH_SEARCH_PATHS = (
					"$(inherited)",
					"@executable_path/Frameworks",
				);
				MARKETING_VERSION = 1.0;
				PRODUCT_BUNDLE_IDENTIFIER = "KWK.git-hub-setup";
				PRODUCT_NAME = "$(TARGET_NAME)";
				SWIFT_EMIT_LOC_STRINGS = YES;
				SWIFT_VERSION = 5.0;
				TARGETED_DEVICE_FAMILY = "1,2";
			};
			name = Release;
		};
		DB0EAFCD28AC089300ED4B70 /* Debug */ = {
			isa = XCBuildConfiguration;
			buildSettings = {
				ALWAYS_EMBED_SWIFT_STANDARD_LIBRARIES = YES;
				BUNDLE_LOADER = "$(TEST_HOST)";
				CODE_SIGN_STYLE = Automatic;
				CURRENT_PROJECT_VERSION = 1;
				DEVELOPMENT_TEAM = BX2ZYRRB69;
				GENERATE_INFOPLIST_FILE = YES;
				IPHONEOS_DEPLOYMENT_TARGET = 15.2;
				MARKETING_VERSION = 1.0;
				PRODUCT_BUNDLE_IDENTIFIER = "KWK.git-hub-setupTests";
				PRODUCT_NAME = "$(TARGET_NAME)";
				SWIFT_EMIT_LOC_STRINGS = NO;
				SWIFT_VERSION = 5.0;
				TARGETED_DEVICE_FAMILY = "1,2";
				TEST_HOST = "$(BUILT_PRODUCTS_DIR)/git hub setup.app/git hub setup";
			};
			name = Debug;
		};
		DB0EAFCE28AC089300ED4B70 /* Release */ = {
			isa = XCBuildConfiguration;
			buildSettings = {
				ALWAYS_EMBED_SWIFT_STANDARD_LIBRARIES = YES;
				BUNDLE_LOADER = "$(TEST_HOST)";
				CODE_SIGN_STYLE = Automatic;
				CURRENT_PROJECT_VERSION = 1;
				DEVELOPMENT_TEAM = BX2ZYRRB69;
				GENERATE_INFOPLIST_FILE = YES;
				IPHONEOS_DEPLOYMENT_TARGET = 15.2;
				MARKETING_VERSION = 1.0;
				PRODUCT_BUNDLE_IDENTIFIER = "KWK.git-hub-setupTests";
				PRODUCT_NAME = "$(TARGET_NAME)";
				SWIFT_EMIT_LOC_STRINGS = NO;
				SWIFT_VERSION = 5.0;
				TARGETED_DEVICE_FAMILY = "1,2";
				TEST_HOST = "$(BUILT_PRODUCTS_DIR)/git hub setup.app/git hub setup";
			};
			name = Release;
		};
		DB0EAFD028AC089300ED4B70 /* Debug */ = {
			isa = XCBuildConfiguration;
			buildSettings = {
				ALWAYS_EMBED_SWIFT_STANDARD_LIBRARIES = YES;
				CODE_SIGN_STYLE = Automatic;
				CURRENT_PROJECT_VERSION = 1;
				DEVELOPMENT_TEAM = BX2ZYRRB69;
				GENERATE_INFOPLIST_FILE = YES;
				MARKETING_VERSION = 1.0;
				PRODUCT_BUNDLE_IDENTIFIER = "KWK.git-hub-setupUITests";
				PRODUCT_NAME = "$(TARGET_NAME)";
				SWIFT_EMIT_LOC_STRINGS = NO;
				SWIFT_VERSION = 5.0;
				TARGETED_DEVICE_FAMILY = "1,2";
				TEST_TARGET_NAME = "git hub setup";
			};
			name = Debug;
		};
		DB0EAFD128AC089300ED4B70 /* Release */ = {
			isa = XCBuildConfiguration;
			buildSettings = {
				ALWAYS_EMBED_SWIFT_STANDARD_LIBRARIES = YES;
				CODE_SIGN_STYLE = Automatic;
				CURRENT_PROJECT_VERSION = 1;
				DEVELOPMENT_TEAM = BX2ZYRRB69;
				GENERATE_INFOPLIST_FILE = YES;
				MARKETING_VERSION = 1.0;
				PRODUCT_BUNDLE_IDENTIFIER = "KWK.git-hub-setupUITests";
				PRODUCT_NAME = "$(TARGET_NAME)";
				SWIFT_EMIT_LOC_STRINGS = NO;
				SWIFT_VERSION = 5.0;
				TARGETED_DEVICE_FAMILY = "1,2";
				TEST_TARGET_NAME = "git hub setup";
			};
			name = Release;
		};
/* End XCBuildConfiguration section */

/* Begin XCConfigurationList section */
		DB0EAF9A28AC088800ED4B70 /* Build configuration list for PBXProject "git hub setup" */ = {
			isa = XCConfigurationList;
			buildConfigurations = (
				DB0EAFC728AC089300ED4B70 /* Debug */,
				DB0EAFC828AC089300ED4B70 /* Release */,
			);
			defaultConfigurationIsVisible = 0;
			defaultConfigurationName = Release;
		};
		DB0EAFC928AC089300ED4B70 /* Build configuration list for PBXNativeTarget "git hub setup" */ = {
			isa = XCConfigurationList;
			buildConfigurations = (
				DB0EAFCA28AC089300ED4B70 /* Debug */,
				DB0EAFCB28AC089300ED4B70 /* Release */,
			);
			defaultConfigurationIsVisible = 0;
			defaultConfigurationName = Release;
		};
		DB0EAFCC28AC089300ED4B70 /* Build configuration list for PBXNativeTarget "git hub setupTests" */ = {
			isa = XCConfigurationList;
			buildConfigurations = (
				DB0EAFCD28AC089300ED4B70 /* Debug */,
				DB0EAFCE28AC089300ED4B70 /* Release */,
			);
			defaultConfigurationIsVisible = 0;
			defaultConfigurationName = Release;
		};
		DB0EAFCF28AC089300ED4B70 /* Build configuration list for PBXNativeTarget "git hub setupUITests" */ = {
			isa = XCConfigurationList;
			buildConfigurations = (
				DB0EAFD028AC089300ED4B70 /* Debug */,
				DB0EAFD128AC089300ED4B70 /* Release */,
			);
			defaultConfigurationIsVisible = 0;
			defaultConfigurationName = Release;
		};
/* End XCConfigurationList section */
	};
	rootObject = DB0EAF9728AC088800ED4B70 /* Project object */;
}
